
Microsoft Visual Studio Solution File, Format Version 12.00
# Visual Studio Version 17
VisualStudioVersion = 17.11.35312.102
MinimumVisualStudioVersion = 10.0.40219.1
Project("{9A19103F-16F7-4668-BE54-9A1E7A4F7556}") = "EducationPortal", "EducationPortal\EducationPortal.csproj", "{F365C4FF-0623-4198-B6B6-8AE4C3F82FDC}"
EndProject
Global
	GlobalSection(SolutionConfigurationPlatforms) = preSolution
		Debug|Any CPU = Debug|Any CPU
		Release|Any CPU = Release|Any CPU
	EndGlobalSection
	GlobalSection(ProjectConfigurationPlatforms) = postSolution
		{F365C4FF-0623-4198-B6B6-8AE4C3F82FDC}.Debug|Any CPU.ActiveCfg = Debug|Any CPU
		{F365C4FF-0623-4198-B6B6-8AE4C3F82FDC}.Debug|Any CPU.Build.0 = Debug|Any CPU
		{F365C4FF-0623-4198-B6B6-8AE4C3F82FDC}.Release|Any CPU.ActiveCfg = Release|Any CPU
		{F365C4FF-0623-4198-B6B6-8AE4C3F82FDC}.Release|Any CPU.Build.0 = Release|Any CPU
	EndGlobalSection
	GlobalSection(SolutionProperties) = preSolution
		HideSolutionNode = FALSE
	EndGlobalSection
	GlobalSection(ExtensibilityGlobals) = postSolution
		SolutionGuid = {0E6A7E79-760D-4394-9190-854D437E63F0}
	EndGlobalSection
EndGlobal
